
Microsoft Visual Studio Solution File, Format Version 12.00
# Visual Studio 2012
Project("{FAE04EC0-301F-11D3-BF4B-00C04F79EFBC}") = "rps_console", "rps_console\rps_console.csproj", "{92DBEAF5-BCA0-4281-8BC2-9C3D7C28A3A0}"
EndProject
Global
	GlobalSection(SolutionConfigurationPlatforms) = preSolution
		Debug|x86 = Debug|x86
		Release|x86 = Release|x86
	EndGlobalSection
	GlobalSection(ProjectConfigurationPlatforms) = postSolution
		{92DBEAF5-BCA0-4281-8BC2-9C3D7C28A3A0}.Debug|x86.ActiveCfg = Debug|x86
		{92DBEAF5-BCA0-4281-8BC2-9C3D7C28A3A0}.Debug|x86.Build.0 = Debug|x86
		{92DBEAF5-BCA0-4281-8BC2-9C3D7C28A3A0}.Release|x86.ActiveCfg = Release|x86
		{92DBEAF5-BCA0-4281-8BC2-9C3D7C28A3A0}.Release|x86.Build.0 = Release|x86
	EndGlobalSection
EndGlobal
